
Microsoft Visual Studio Solution File, Format Version 12.00
# Visual Studio Version 16
VisualStudioVersion = 16.0.29728.190
MinimumVisualStudioVersion = 10.0.40219.1
Project("{FAE04EC0-301F-11D3-BF4B-00C04F79EFBC}") = "GeneralStore", "GeneralStore\GeneralStore.csproj", "{4619FC4A-3C7E-4AF3-A250-488D5B20A1F3}"
EndProject
Global
	GlobalSection(SolutionConfigurationPlatforms) = preSolution
		Debug|Any CPU = Debug|Any CPU
		Release|Any CPU = Release|Any CPU
	EndGlobalSection
	GlobalSection(ProjectConfigurationPlatforms) = postSolution
		{4619FC4A-3C7E-4AF3-A250-488D5B20A1F3}.Debug|Any CPU.ActiveCfg = Debug|Any CPU
		{4619FC4A-3C7E-4AF3-A250-488D5B20A1F3}.Debug|Any CPU.Build.0 = Debug|Any CPU
		{4619FC4A-3C7E-4AF3-A250-488D5B20A1F3}.Release|Any CPU.ActiveCfg = Release|Any CPU
		{4619FC4A-3C7E-4AF3-A250-488D5B20A1F3}.Release|Any CPU.Build.0 = Release|Any CPU
	EndGlobalSection
	GlobalSection(SolutionProperties) = preSolution
		HideSolutionNode = FALSE
	EndGlobalSection
	GlobalSection(ExtensibilityGlobals) = postSolution
		SolutionGuid = {72537935-ECF7-4BA0-990A-B4B865568D76}
	EndGlobalSection
EndGlobal
